// !$*UTF8*$!
{
	archiveVersion = 1;
	classes = {
	};
	objectVersion = 46;
	objects = {

/* Begin PBXBuildFile section */
		ED0DCE961DB09088007402E1 /* TMCommon.framework in Frameworks */ = {isa = PBXBuildFile; fileRef = ED0DCE8C1DB09088007402E1 /* TMCommon.framework */; };
		ED0DCE9D1DB09089007402E1 /* TMCommon.h in Headers */ = {isa = PBXBuildFile; fileRef = ED0DCE8F1DB09088007402E1 /* TMCommon.h */; settings = {ATTRIBUTES = (Public, ); }; };
		ED0DCEA81DB09270007402E1 /* BaseTestCase.swift in Sources */ = {isa = PBXBuildFile; fileRef = ED0DCEA71DB09270007402E1 /* BaseTestCase.swift */; };
		ED0DCEAA1DB094E8007402E1 /* Demo.swift in Sources */ = {isa = PBXBuildFile; fileRef = ED0DCEA91DB094E8007402E1 /* Demo.swift */; };
		ED0DCEAD1DB09D21007402E1 /* Property.swift in Sources */ = {isa = PBXBuildFile; fileRef = ED0DCEAC1DB09D21007402E1 /* Property.swift */; };
		ED0DCEAF1DB0A13E007402E1 /* HelpingMapper.swift in Sources */ = {isa = PBXBuildFile; fileRef = ED0DCEAE1DB0A13E007402E1 /* HelpingMapper.swift */; };
		ED0DCEB11DB0B195007402E1 /* Converter.swift in Sources */ = {isa = PBXBuildFile; fileRef = ED0DCEB01DB0B195007402E1 /* Converter.swift */; };
		ED0DCEB31DB0B79A007402E1 /* JSONSerializer.swift in Sources */ = {isa = PBXBuildFile; fileRef = ED0DCEB21DB0B79A007402E1 /* JSONSerializer.swift */; };
		ED0DCEB51DB0B7A4007402E1 /* JSONDeserializer.swift in Sources */ = {isa = PBXBuildFile; fileRef = ED0DCEB41DB0B7A4007402E1 /* JSONDeserializer.swift */; };
		ED0DCEB81DB0C26E007402E1 /* StructObjectTest.swift in Sources */ = {isa = PBXBuildFile; fileRef = ED0DCEB71DB0C26E007402E1 /* StructObjectTest.swift */; };
		ED0FDB781DB0F9170088E163 /* Extension.swift in Sources */ = {isa = PBXBuildFile; fileRef = ED0FDB771DB0F9170088E163 /* Extension.swift */; };
		ED0FDB7C1DB102120088E163 /* ClassObjectTest.swift in Sources */ = {isa = PBXBuildFile; fileRef = ED0FDB7B1DB102120088E163 /* ClassObjectTest.swift */; };
		ED0FDB7E1DB102660088E163 /* NestObjectTest.swift in Sources */ = {isa = PBXBuildFile; fileRef = ED0FDB7D1DB102660088E163 /* NestObjectTest.swift */; };
		ED0FDB801DB102E20088E163 /* CustomMappingTest.swift in Sources */ = {isa = PBXBuildFile; fileRef = ED0FDB7F1DB102E20088E163 /* CustomMappingTest.swift */; };
		ED0FDB821DB103360088E163 /* ObjectiveCObjectTest.swift in Sources */ = {isa = PBXBuildFile; fileRef = ED0FDB811DB103360088E163 /* ObjectiveCObjectTest.swift */; };
		ED0FDB841DB103660088E163 /* MemoryLayoutValidationTest.swift in Sources */ = {isa = PBXBuildFile; fileRef = ED0FDB831DB103660088E163 /* MemoryLayoutValidationTest.swift */; };
		ED0FDB861DB103A30088E163 /* AllBaseTypePropertyObjectTest.swift in Sources */ = {isa = PBXBuildFile; fileRef = ED0FDB851DB103A30088E163 /* AllBaseTypePropertyObjectTest.swift */; };
		ED0FDB881DB103E10088E163 /* serializeToJSONTests.swift in Sources */ = {isa = PBXBuildFile; fileRef = ED0FDB871DB103E10088E163 /* serializeToJSONTests.swift */; };
		ED1340D71DF2E2F90036677C /* ResponseSerializationTests.swift in Sources */ = {isa = PBXBuildFile; fileRef = ED1340D61DF2E2F90036677C /* ResponseSerializationTests.swift */; };
		ED3572491DF5111A00F1C84D /* APIUtil.swift in Sources */ = {isa = PBXBuildFile; fileRef = ED3572481DF5111A00F1C84D /* APIUtil.swift */; };
		ED35724B1DF513AA00F1C84D /* APIRet.swift in Sources */ = {isa = PBXBuildFile; fileRef = ED35724A1DF513AA00F1C84D /* APIRet.swift */; };
		ED6B21061DB4F69100022779 /* SessionDelegate.swift in Sources */ = {isa = PBXBuildFile; fileRef = ED6B21051DB4F69100022779 /* SessionDelegate.swift */; };
		ED6B21081DB4F71F00022779 /* ParameterEncoding.swift in Sources */ = {isa = PBXBuildFile; fileRef = ED6B21071DB4F71F00022779 /* ParameterEncoding.swift */; };
		ED6B210A1DB4F7B300022779 /* ServerTrustPolicy.swift in Sources */ = {isa = PBXBuildFile; fileRef = ED6B21091DB4F7B300022779 /* ServerTrustPolicy.swift */; };
		ED6B210C1DB4F80F00022779 /* Timeline.swift in Sources */ = {isa = PBXBuildFile; fileRef = ED6B210B1DB4F80F00022779 /* Timeline.swift */; };
		ED6B210E1DB4F83200022779 /* Notifications.swift in Sources */ = {isa = PBXBuildFile; fileRef = ED6B210D1DB4F83200022779 /* Notifications.swift */; };
		ED6B21101DB4F84C00022779 /* Result.swift in Sources */ = {isa = PBXBuildFile; fileRef = ED6B210F1DB4F84C00022779 /* Result.swift */; };
		ED6F91FB1DB49EDE0032B981 /* TaskDelegate.swift in Sources */ = {isa = PBXBuildFile; fileRef = ED6F91FA1DB49EDE0032B981 /* TaskDelegate.swift */; };
		ED6F91FD1DB4BCEF0032B981 /* SessionManager.swift in Sources */ = {isa = PBXBuildFile; fileRef = ED6F91FC1DB4BCEF0032B981 /* SessionManager.swift */; };
		ED6F91FF1DB4BD790032B981 /* Request.swift in Sources */ = {isa = PBXBuildFile; fileRef = ED6F91FE1DB4BD790032B981 /* Request.swift */; };
		ED7D1DFE1DB50C52007A72C0 /* MultipartFormData.swift in Sources */ = {isa = PBXBuildFile; fileRef = ED7D1DFD1DB50C52007A72C0 /* MultipartFormData.swift */; };
		ED7D1E001DB5EEBE007A72C0 /* NTError.swift in Sources */ = {isa = PBXBuildFile; fileRef = ED7D1DFF1DB5EEBE007A72C0 /* NTError.swift */; };
		ED7D1E021DB5EEE3007A72C0 /* ResponseSerialization.swift in Sources */ = {isa = PBXBuildFile; fileRef = ED7D1E011DB5EEE3007A72C0 /* ResponseSerialization.swift */; };
		ED7D1E041DB5F0A0007A72C0 /* Response.swift in Sources */ = {isa = PBXBuildFile; fileRef = ED7D1E031DB5F0A0007A72C0 /* Response.swift */; };
		ED7D1E071DB74A14007A72C0 /* Validation.swift in Sources */ = {isa = PBXBuildFile; fileRef = ED7D1E061DB74A14007A72C0 /* Validation.swift */; };
		ED7D1E0B1DB765BF007A72C0 /* ReachabilityManager.swift in Sources */ = {isa = PBXBuildFile; fileRef = ED7D1E0A1DB765BF007A72C0 /* ReachabilityManager.swift */; };
		ED7D1E0F1DB7724E007A72C0 /* FileManagerExtensions.swift in Sources */ = {isa = PBXBuildFile; fileRef = ED7D1E0E1DB7724E007A72C0 /* FileManagerExtensions.swift */; };
		ED7D1E111DB773EB007A72C0 /* NTErrorExtensions.swift in Sources */ = {isa = PBXBuildFile; fileRef = ED7D1E101DB773EB007A72C0 /* NTErrorExtensions.swift */; };
		ED7D1E131DB77465007A72C0 /* StringExtensions.swift in Sources */ = {isa = PBXBuildFile; fileRef = ED7D1E121DB77465007A72C0 /* StringExtensions.swift */; };
		EDCEA4E51DB2509500E5EC60 /* DispatchQueueExtension.swift in Sources */ = {isa = PBXBuildFile; fileRef = EDCEA4E41DB2509500E5EC60 /* DispatchQueueExtension.swift */; };
		EDCEA4EA1DB2523300E5EC60 /* NTNetwork.swift in Sources */ = {isa = PBXBuildFile; fileRef = EDCEA4E91DB2523300E5EC60 /* NTNetwork.swift */; };
		EDE2E96B1DBDB7DB00419613 /* AuthenticationTests.swift in Sources */ = {isa = PBXBuildFile; fileRef = EDE2E96A1DBDB7DB00419613 /* AuthenticationTests.swift */; };
		EDE2E96D1DBDBB0700419613 /* ParameterEncodingTests.swift in Sources */ = {isa = PBXBuildFile; fileRef = EDE2E96C1DBDBB0700419613 /* ParameterEncodingTests.swift */; };
		EDE2E96F1DBDC4D000419613 /* SessionManagerTests.swift in Sources */ = {isa = PBXBuildFile; fileRef = EDE2E96E1DBDC4D000419613 /* SessionManagerTests.swift */; };
/* End PBXBuildFile section */

/* Begin PBXContainerItemProxy section */
		ED0DCE971DB09088007402E1 /* PBXContainerItemProxy */ = {
			isa = PBXContainerItemProxy;
			containerPortal = ED0DCE831DB09088007402E1 /* Project object */;
			proxyType = 1;
			remoteGlobalIDString = ED0DCE8B1DB09088007402E1;
			remoteInfo = TMCommon;
		};
/* End PBXContainerItemProxy section */

/* Begin PBXFileReference section */
		ED0DCE8C1DB09088007402E1 /* TMCommon.framework */ = {isa = PBXFileReference; explicitFileType = wrapper.framework; includeInIndex = 0; path = TMCommon.framework; sourceTree = BUILT_PRODUCTS_DIR; };
		ED0DCE8F1DB09088007402E1 /* TMCommon.h */ = {isa = PBXFileReference; lastKnownFileType = sourcecode.c.h; path = TMCommon.h; sourceTree = "<group>"; };
		ED0DCE901DB09088007402E1 /* Info.plist */ = {isa = PBXFileReference; lastKnownFileType = text.plist.xml; path = Info.plist; sourceTree = "<group>"; };
		ED0DCE951DB09088007402E1 /* TMCommonTests.xctest */ = {isa = PBXFileReference; explicitFileType = wrapper.cfbundle; includeInIndex = 0; path = TMCommonTests.xctest; sourceTree = BUILT_PRODUCTS_DIR; };
		ED0DCE9C1DB09089007402E1 /* Info.plist */ = {isa = PBXFileReference; lastKnownFileType = text.plist.xml; path = Info.plist; sourceTree = "<group>"; };
		ED0DCEA71DB09270007402E1 /* BaseTestCase.swift */ = {isa = PBXFileReference; fileEncoding = 4; lastKnownFileType = sourcecode.swift; path = BaseTestCase.swift; sourceTree = "<group>"; };
		ED0DCEA91DB094E8007402E1 /* Demo.swift */ = {isa = PBXFileReference; fileEncoding = 4; lastKnownFileType = sourcecode.swift; path = Demo.swift; sourceTree = "<group>"; };
		ED0DCEAC1DB09D21007402E1 /* Property.swift */ = {isa = PBXFileReference; fileEncoding = 4; lastKnownFileType = sourcecode.swift; path = Property.swift; sourceTree = "<group>"; };
		ED0DCEAE1DB0A13E007402E1 /* HelpingMapper.swift */ = {isa = PBXFileReference; fileEncoding = 4; lastKnownFileType = sourcecode.swift; path = HelpingMapper.swift; sourceTree = "<group>"; };
		ED0DCEB01DB0B195007402E1 /* Converter.swift */ = {isa = PBXFileReference; fileEncoding = 4; lastKnownFileType = sourcecode.swift; path = Converter.swift; sourceTree = "<group>"; };
		ED0DCEB21DB0B79A007402E1 /* JSONSerializer.swift */ = {isa = PBXFileReference; fileEncoding = 4; lastKnownFileType = sourcecode.swift; path = JSONSerializer.swift; sourceTree = "<group>"; };
		ED0DCEB41DB0B7A4007402E1 /* JSONDeserializer.swift */ = {isa = PBXFileReference; fileEncoding = 4; lastKnownFileType = sourcecode.swift; path = JSONDeserializer.swift; sourceTree = "<group>"; };
		ED0DCEB71DB0C26E007402E1 /* StructObjectTest.swift */ = {isa = PBXFileReference; fileEncoding = 4; lastKnownFileType = sourcecode.swift; path = StructObjectTest.swift; sourceTree = "<group>"; };
		ED0FDB771DB0F9170088E163 /* Extension.swift */ = {isa = PBXFileReference; fileEncoding = 4; lastKnownFileType = sourcecode.swift; path = Extension.swift; sourceTree = "<group>"; };
		ED0FDB7B1DB102120088E163 /* ClassObjectTest.swift */ = {isa = PBXFileReference; fileEncoding = 4; lastKnownFileType = sourcecode.swift; path = ClassObjectTest.swift; sourceTree = "<group>"; };
		ED0FDB7D1DB102660088E163 /* NestObjectTest.swift */ = {isa = PBXFileReference; fileEncoding = 4; lastKnownFileType = sourcecode.swift; path = NestObjectTest.swift; sourceTree = "<group>"; };
		ED0FDB7F1DB102E20088E163 /* CustomMappingTest.swift */ = {isa = PBXFileReference; fileEncoding = 4; lastKnownFileType = sourcecode.swift; path = CustomMappingTest.swift; sourceTree = "<group>"; };
		ED0FDB811DB103360088E163 /* ObjectiveCObjectTest.swift */ = {isa = PBXFileReference; fileEncoding = 4; lastKnownFileType = sourcecode.swift; path = ObjectiveCObjectTest.swift; sourceTree = "<group>"; };
		ED0FDB831DB103660088E163 /* MemoryLayoutValidationTest.swift */ = {isa = PBXFileReference; fileEncoding = 4; lastKnownFileType = sourcecode.swift; path = MemoryLayoutValidationTest.swift; sourceTree = "<group>"; };
		ED0FDB851DB103A30088E163 /* AllBaseTypePropertyObjectTest.swift */ = {isa = PBXFileReference; fileEncoding = 4; lastKnownFileType = sourcecode.swift; path = AllBaseTypePropertyObjectTest.swift; sourceTree = "<group>"; };
		ED0FDB871DB103E10088E163 /* serializeToJSONTests.swift */ = {isa = PBXFileReference; fileEncoding = 4; lastKnownFileType = sourcecode.swift; path = serializeToJSONTests.swift; sourceTree = "<group>"; };
		ED1340D61DF2E2F90036677C /* ResponseSerializationTests.swift */ = {isa = PBXFileReference; fileEncoding = 4; lastKnownFileType = sourcecode.swift; path = ResponseSerializationTests.swift; sourceTree = "<group>"; };
		ED3572481DF5111A00F1C84D /* APIUtil.swift */ = {isa = PBXFileReference; fileEncoding = 4; lastKnownFileType = sourcecode.swift; path = APIUtil.swift; sourceTree = "<group>"; };
		ED35724A1DF513AA00F1C84D /* APIRet.swift */ = {isa = PBXFileReference; fileEncoding = 4; lastKnownFileType = sourcecode.swift; path = APIRet.swift; sourceTree = "<group>"; };
		ED6B21051DB4F69100022779 /* SessionDelegate.swift */ = {isa = PBXFileReference; fileEncoding = 4; lastKnownFileType = sourcecode.swift; path = SessionDelegate.swift; sourceTree = "<group>"; };
		ED6B21071DB4F71F00022779 /* ParameterEncoding.swift */ = {isa = PBXFileReference; fileEncoding = 4; lastKnownFileType = sourcecode.swift; path = ParameterEncoding.swift; sourceTree = "<group>"; };
		ED6B21091DB4F7B300022779 /* ServerTrustPolicy.swift */ = {isa = PBXFileReference; fileEncoding = 4; lastKnownFileType = sourcecode.swift; path = ServerTrustPolicy.swift; sourceTree = "<group>"; };
		ED6B210B1DB4F80F00022779 /* Timeline.swift */ = {isa = PBXFileReference; fileEncoding = 4; lastKnownFileType = sourcecode.swift; path = Timeline.swift; sourceTree = "<group>"; };
		ED6B210D1DB4F83200022779 /* Notifications.swift */ = {isa = PBXFileReference; fileEncoding = 4; lastKnownFileType = sourcecode.swift; path = Notifications.swift; sourceTree = "<group>"; };
		ED6B210F1DB4F84C00022779 /* Result.swift */ = {isa = PBXFileReference; fileEncoding = 4; lastKnownFileType = sourcecode.swift; path = Result.swift; sourceTree = "<group>"; };
		ED6F91FA1DB49EDE0032B981 /* TaskDelegate.swift */ = {isa = PBXFileReference; fileEncoding = 4; lastKnownFileType = sourcecode.swift; path = TaskDelegate.swift; sourceTree = "<group>"; };
		ED6F91FC1DB4BCEF0032B981 /* SessionManager.swift */ = {isa = PBXFileReference; fileEncoding = 4; lastKnownFileType = sourcecode.swift; path = SessionManager.swift; sourceTree = "<group>"; };
		ED6F91FE1DB4BD790032B981 /* Request.swift */ = {isa = PBXFileReference; fileEncoding = 4; lastKnownFileType = sourcecode.swift; path = Request.swift; sourceTree = "<group>"; };
		ED7D1DFD1DB50C52007A72C0 /* MultipartFormData.swift */ = {isa = PBXFileReference; fileEncoding = 4; lastKnownFileType = sourcecode.swift; path = MultipartFormData.swift; sourceTree = "<group>"; };
		ED7D1DFF1DB5EEBE007A72C0 /* NTError.swift */ = {isa = PBXFileReference; fileEncoding = 4; lastKnownFileType = sourcecode.swift; path = NTError.swift; sourceTree = "<group>"; };
		ED7D1E011DB5EEE3007A72C0 /* ResponseSerialization.swift */ = {isa = PBXFileReference; fileEncoding = 4; lastKnownFileType = sourcecode.swift; path = ResponseSerialization.swift; sourceTree = "<group>"; };
		ED7D1E031DB5F0A0007A72C0 /* Response.swift */ = {isa = PBXFileReference; fileEncoding = 4; lastKnownFileType = sourcecode.swift; path = Response.swift; sourceTree = "<group>"; };
		ED7D1E061DB74A14007A72C0 /* Validation.swift */ = {isa = PBXFileReference; fileEncoding = 4; lastKnownFileType = sourcecode.swift; path = Validation.swift; sourceTree = "<group>"; };
		ED7D1E0A1DB765BF007A72C0 /* ReachabilityManager.swift */ = {isa = PBXFileReference; fileEncoding = 4; lastKnownFileType = sourcecode.swift; path = ReachabilityManager.swift; sourceTree = "<group>"; };
		ED7D1E0E1DB7724E007A72C0 /* FileManagerExtensions.swift */ = {isa = PBXFileReference; fileEncoding = 4; lastKnownFileType = sourcecode.swift; path = FileManagerExtensions.swift; sourceTree = "<group>"; };
		ED7D1E101DB773EB007A72C0 /* NTErrorExtensions.swift */ = {isa = PBXFileReference; fileEncoding = 4; lastKnownFileType = sourcecode.swift; path = NTErrorExtensions.swift; sourceTree = "<group>"; };
		ED7D1E121DB77465007A72C0 /* StringExtensions.swift */ = {isa = PBXFileReference; fileEncoding = 4; lastKnownFileType = sourcecode.swift; path = StringExtensions.swift; sourceTree = "<group>"; };
		EDCEA4E41DB2509500E5EC60 /* DispatchQueueExtension.swift */ = {isa = PBXFileReference; fileEncoding = 4; lastKnownFileType = sourcecode.swift; path = DispatchQueueExtension.swift; sourceTree = "<group>"; };
		EDCEA4E91DB2523300E5EC60 /* NTNetwork.swift */ = {isa = PBXFileReference; fileEncoding = 4; lastKnownFileType = sourcecode.swift; path = NTNetwork.swift; sourceTree = "<group>"; };
		EDE2E96A1DBDB7DB00419613 /* AuthenticationTests.swift */ = {isa = PBXFileReference; fileEncoding = 4; lastKnownFileType = sourcecode.swift; path = AuthenticationTests.swift; sourceTree = "<group>"; };
		EDE2E96C1DBDBB0700419613 /* ParameterEncodingTests.swift */ = {isa = PBXFileReference; fileEncoding = 4; lastKnownFileType = sourcecode.swift; path = ParameterEncodingTests.swift; sourceTree = "<group>"; };
		EDE2E96E1DBDC4D000419613 /* SessionManagerTests.swift */ = {isa = PBXFileReference; fileEncoding = 4; lastKnownFileType = sourcecode.swift; path = SessionManagerTests.swift; sourceTree = "<group>"; };
/* End PBXFileReference section */

/* Begin PBXFrameworksBuildPhase section */
		ED0DCE881DB09088007402E1 /* Frameworks */ = {
			isa = PBXFrameworksBuildPhase;
			buildActionMask = 2147483647;
			files = (
			);
			runOnlyForDeploymentPostprocessing = 0;
		};
		ED0DCE921DB09088007402E1 /* Frameworks */ = {
			isa = PBXFrameworksBuildPhase;
			buildActionMask = 2147483647;
			files = (
				ED0DCE961DB09088007402E1 /* TMCommon.framework in Frameworks */,
			);
			runOnlyForDeploymentPostprocessing = 0;
		};
/* End PBXFrameworksBuildPhase section */

/* Begin PBXGroup section */
		ED0DCE821DB09088007402E1 = {
			isa = PBXGroup;
			children = (
				ED0DCE8D1DB09088007402E1 /* Products */,
				ED0DCE8E1DB09088007402E1 /* TMCommon */,
				ED0DCE991DB09088007402E1 /* TMCommonTests */,
			);
			sourceTree = "<group>";
		};
		ED0DCE8D1DB09088007402E1 /* Products */ = {
			isa = PBXGroup;
			children = (
				ED0DCE8C1DB09088007402E1 /* TMCommon.framework */,
				ED0DCE951DB09088007402E1 /* TMCommonTests.xctest */,
			);
			name = Products;
			sourceTree = "<group>";
		};
		ED0DCE8E1DB09088007402E1 /* TMCommon */ = {
			isa = PBXGroup;
			children = (
				EDCEA4D61DB234FA00E5EC60 /* Network */,
				ED0DCEAB1DB09C49007402E1 /* JSON */,
				EDCEA4E31DB2507A00E5EC60 /* Extensions */,
				ED0DCE8F1DB09088007402E1 /* TMCommon.h */,
				ED0DCE901DB09088007402E1 /* Info.plist */,
				ED0DCEA91DB094E8007402E1 /* Demo.swift */,
			);
			path = TMCommon;
			sourceTree = "<group>";
		};
		ED0DCE991DB09088007402E1 /* TMCommonTests */ = {
			isa = PBXGroup;
			children = (
				ED7D1E0C1DB76D4A007A72C0 /* Network */,
				ED0DCEB61DB0C253007402E1 /* JSON */,
				ED0DCE9C1DB09089007402E1 /* Info.plist */,
				ED0DCEA71DB09270007402E1 /* BaseTestCase.swift */,
			);
			path = TMCommonTests;
			sourceTree = "<group>";
		};
		ED0DCEAB1DB09C49007402E1 /* JSON */ = {
			isa = PBXGroup;
			children = (
				ED0DCEAC1DB09D21007402E1 /* Property.swift */,
				ED0DCEAE1DB0A13E007402E1 /* HelpingMapper.swift */,
				ED0DCEB01DB0B195007402E1 /* Converter.swift */,
				ED0DCEB21DB0B79A007402E1 /* JSONSerializer.swift */,
				ED0DCEB41DB0B7A4007402E1 /* JSONDeserializer.swift */,
				ED0FDB771DB0F9170088E163 /* Extension.swift */,
			);
			name = JSON;
			sourceTree = "<group>";
		};
		ED0DCEB61DB0C253007402E1 /* JSON */ = {
			isa = PBXGroup;
			children = (
				ED0DCEB71DB0C26E007402E1 /* StructObjectTest.swift */,
				ED0FDB7B1DB102120088E163 /* ClassObjectTest.swift */,
				ED0FDB7D1DB102660088E163 /* NestObjectTest.swift */,
				ED0FDB7F1DB102E20088E163 /* CustomMappingTest.swift */,
				ED0FDB811DB103360088E163 /* ObjectiveCObjectTest.swift */,
				ED0FDB831DB103660088E163 /* MemoryLayoutValidationTest.swift */,
				ED0FDB851DB103A30088E163 /* AllBaseTypePropertyObjectTest.swift */,
				ED0FDB871DB103E10088E163 /* serializeToJSONTests.swift */,
			);
			name = JSON;
			sourceTree = "<group>";
		};
		ED1340D81DF2E3010036677C /* Features */ = {
			isa = PBXGroup;
			children = (
				ED1340D61DF2E2F90036677C /* ResponseSerializationTests.swift */,
			);
			name = Features;
			sourceTree = "<group>";
		};
		ED7D1E0C1DB76D4A007A72C0 /* Network */ = {
			isa = PBXGroup;
			children = (
				ED1340D81DF2E3010036677C /* Features */,
				EDE2E9691DBDB7D100419613 /* Core */,
				ED7D1E0D1DB77234007A72C0 /* Extensions */,
			);
			name = Network;
			sourceTree = "<group>";
		};
		ED7D1E0D1DB77234007A72C0 /* Extensions */ = {
			isa = PBXGroup;
			children = (
				ED7D1E0E1DB7724E007A72C0 /* FileManagerExtensions.swift */,
				ED7D1E101DB773EB007A72C0 /* NTErrorExtensions.swift */,
				ED7D1E121DB77465007A72C0 /* StringExtensions.swift */,
			);
			name = Extensions;
			sourceTree = "<group>";
		};
		EDCEA4D61DB234FA00E5EC60 /* Network */ = {
			isa = PBXGroup;
			children = (
				EDCEA4D71DB2350F00E5EC60 /* Core */,
				EDCEA4E61DB251DF00E5EC60 /* Features */,
				EDCEA4E91DB2523300E5EC60 /* NTNetwork.swift */,
				ED3572481DF5111A00F1C84D /* APIUtil.swift */,
				ED35724A1DF513AA00F1C84D /* APIRet.swift */,
			);
			name = Network;
			sourceTree = "<group>";
		};
		EDCEA4D71DB2350F00E5EC60 /* Core */ = {
			isa = PBXGroup;
			children = (
				ED6B210D1DB4F83200022779 /* Notifications.swift */,
				ED6B21071DB4F71F00022779 /* ParameterEncoding.swift */,
				ED6F91FE1DB4BD790032B981 /* Request.swift */,
				ED6B210F1DB4F84C00022779 /* Result.swift */,
				ED6B21051DB4F69100022779 /* SessionDelegate.swift */,
				ED6F91FC1DB4BCEF0032B981 /* SessionManager.swift */,
				ED6F91FA1DB49EDE0032B981 /* TaskDelegate.swift */,
				ED7D1DFF1DB5EEBE007A72C0 /* NTError.swift */,
				ED7D1E031DB5F0A0007A72C0 /* Response.swift */,
			);
			name = Core;
			sourceTree = "<group>";
		};
		EDCEA4E31DB2507A00E5EC60 /* Extensions */ = {
			isa = PBXGroup;
			children = (
				EDCEA4E41DB2509500E5EC60 /* DispatchQueueExtension.swift */,
			);
			name = Extensions;
			sourceTree = "<group>";
		};
		EDCEA4E61DB251DF00E5EC60 /* Features */ = {
			isa = PBXGroup;
			children = (
				ED6B21091DB4F7B300022779 /* ServerTrustPolicy.swift */,
				ED6B210B1DB4F80F00022779 /* Timeline.swift */,
				ED7D1DFD1DB50C52007A72C0 /* MultipartFormData.swift */,
				ED7D1E011DB5EEE3007A72C0 /* ResponseSerialization.swift */,
				ED7D1E061DB74A14007A72C0 /* Validation.swift */,
				ED7D1E0A1DB765BF007A72C0 /* ReachabilityManager.swift */,
			);
			name = Features;
			sourceTree = "<group>";
		};
		EDE2E9691DBDB7D100419613 /* Core */ = {
			isa = PBXGroup;
			children = (
				EDE2E96A1DBDB7DB00419613 /* AuthenticationTests.swift */,
				EDE2E96C1DBDBB0700419613 /* ParameterEncodingTests.swift */,
				EDE2E96E1DBDC4D000419613 /* SessionManagerTests.swift */,
			);
			name = Core;
			sourceTree = "<group>";
		};
/* End PBXGroup section */

/* Begin PBXHeadersBuildPhase section */
		ED0DCE891DB09088007402E1 /* Headers */ = {
			isa = PBXHeadersBuildPhase;
			buildActionMask = 2147483647;
			files = (
				ED0DCE9D1DB09089007402E1 /* TMCommon.h in Headers */,
			);
			runOnlyForDeploymentPostprocessing = 0;
		};
/* End PBXHeadersBuildPhase section */

/* Begin PBXNativeTarget section */
		ED0DCE8B1DB09088007402E1 /* TMCommon */ = {
			isa = PBXNativeTarget;
			buildConfigurationList = ED0DCEA01DB09089007402E1 /* Build configuration list for PBXNativeTarget "TMCommon" */;
			buildPhases = (
				ED0DCE871DB09088007402E1 /* Sources */,
				ED0DCE881DB09088007402E1 /* Frameworks */,
				ED0DCE891DB09088007402E1 /* Headers */,
				ED0DCE8A1DB09088007402E1 /* Resources */,
			);
			buildRules = (
			);
			dependencies = (
			);
			name = TMCommon;
			productName = TMCommon;
			productReference = ED0DCE8C1DB09088007402E1 /* TMCommon.framework */;
			productType = "com.apple.product-type.framework";
		};
		ED0DCE941DB09088007402E1 /* TMCommonTests */ = {
			isa = PBXNativeTarget;
			buildConfigurationList = ED0DCEA31DB09089007402E1 /* Build configuration list for PBXNativeTarget "TMCommonTests" */;
			buildPhases = (
				ED0DCE911DB09088007402E1 /* Sources */,
				ED0DCE921DB09088007402E1 /* Frameworks */,
				ED0DCE931DB09088007402E1 /* Resources */,
			);
			buildRules = (
			);
			dependencies = (
				ED0DCE981DB09088007402E1 /* PBXTargetDependency */,
			);
			name = TMCommonTests;
			productName = TMCommonTests;
			productReference = ED0DCE951DB09088007402E1 /* TMCommonTests.xctest */;
			productType = "com.apple.product-type.bundle.unit-test";
		};
/* End PBXNativeTarget section */

/* Begin PBXProject section */
		ED0DCE831DB09088007402E1 /* Project object */ = {
			isa = PBXProject;
			attributes = {
				LastSwiftUpdateCheck = 0800;
				LastUpgradeCheck = 0800;
				ORGANIZATIONNAME = Petsknow;
				TargetAttributes = {
					ED0DCE8B1DB09088007402E1 = {
						CreatedOnToolsVersion = 8.0;
						DevelopmentTeam = FB2Y33TQXG;
						LastSwiftMigration = 0800;
						ProvisioningStyle = Automatic;
					};
					ED0DCE941DB09088007402E1 = {
						CreatedOnToolsVersion = 8.0;
						DevelopmentTeam = FB2Y33TQXG;
						LastSwiftMigration = 0800;
						ProvisioningStyle = Automatic;
					};
				};
			};
			buildConfigurationList = ED0DCE861DB09088007402E1 /* Build configuration list for PBXProject "TMCommon" */;
			compatibilityVersion = "Xcode 3.2";
			developmentRegion = English;
			hasScannedForEncodings = 0;
			knownRegions = (
				en,
			);
			mainGroup = ED0DCE821DB09088007402E1;
			productRefGroup = ED0DCE8D1DB09088007402E1 /* Products */;
			projectDirPath = "";
			projectRoot = "";
			targets = (
				ED0DCE8B1DB09088007402E1 /* TMCommon */,
				ED0DCE941DB09088007402E1 /* TMCommonTests */,
			);
		};
/* End PBXProject section */

/* Begin PBXResourcesBuildPhase section */
		ED0DCE8A1DB09088007402E1 /* Resources */ = {
			isa = PBXResourcesBuildPhase;
			buildActionMask = 2147483647;
			files = (
			);
			runOnlyForDeploymentPostprocessing = 0;
		};
		ED0DCE931DB09088007402E1 /* Resources */ = {
			isa = PBXResourcesBuildPhase;
			buildActionMask = 2147483647;
			files = (
			);
			runOnlyForDeploymentPostprocessing = 0;
		};
/* End PBXResourcesBuildPhase section */

/* Begin PBXSourcesBuildPhase section */
		ED0DCE871DB09088007402E1 /* Sources */ = {
			isa = PBXSourcesBuildPhase;
			buildActionMask = 2147483647;
			files = (
				ED7D1E001DB5EEBE007A72C0 /* NTError.swift in Sources */,
				ED0DCEB31DB0B79A007402E1 /* JSONSerializer.swift in Sources */,
				ED6B210E1DB4F83200022779 /* Notifications.swift in Sources */,
				ED6B21101DB4F84C00022779 /* Result.swift in Sources */,
				ED6B21061DB4F69100022779 /* SessionDelegate.swift in Sources */,
				ED6F91FB1DB49EDE0032B981 /* TaskDelegate.swift in Sources */,
				ED3572491DF5111A00F1C84D /* APIUtil.swift in Sources */,
				ED6B210A1DB4F7B300022779 /* ServerTrustPolicy.swift in Sources */,
				ED6F91FD1DB4BCEF0032B981 /* SessionManager.swift in Sources */,
				ED0DCEAD1DB09D21007402E1 /* Property.swift in Sources */,
				ED0FDB781DB0F9170088E163 /* Extension.swift in Sources */,
				ED0DCEAF1DB0A13E007402E1 /* HelpingMapper.swift in Sources */,
				EDCEA4E51DB2509500E5EC60 /* DispatchQueueExtension.swift in Sources */,
				ED7D1E071DB74A14007A72C0 /* Validation.swift in Sources */,
				ED6F91FF1DB4BD790032B981 /* Request.swift in Sources */,
				ED6B210C1DB4F80F00022779 /* Timeline.swift in Sources */,
				ED7D1DFE1DB50C52007A72C0 /* MultipartFormData.swift in Sources */,
				ED7D1E0B1DB765BF007A72C0 /* ReachabilityManager.swift in Sources */,
				ED0DCEB11DB0B195007402E1 /* Converter.swift in Sources */,
				ED6B21081DB4F71F00022779 /* ParameterEncoding.swift in Sources */,
				ED35724B1DF513AA00F1C84D /* APIRet.swift in Sources */,
				ED0DCEB51DB0B7A4007402E1 /* JSONDeserializer.swift in Sources */,
				ED7D1E041DB5F0A0007A72C0 /* Response.swift in Sources */,
				EDCEA4EA1DB2523300E5EC60 /* NTNetwork.swift in Sources */,
				ED7D1E021DB5EEE3007A72C0 /* ResponseSerialization.swift in Sources */,
				ED0DCEAA1DB094E8007402E1 /* Demo.swift in Sources */,
			);
			runOnlyForDeploymentPostprocessing = 0;
		};
		ED0DCE911DB09088007402E1 /* Sources */ = {
			isa = PBXSourcesBuildPhase;
			buildActionMask = 2147483647;
			files = (
				ED7D1E131DB77465007A72C0 /* StringExtensions.swift in Sources */,
				EDE2E96F1DBDC4D000419613 /* SessionManagerTests.swift in Sources */,
				ED7D1E111DB773EB007A72C0 /* NTErrorExtensions.swift in Sources */,
				ED0FDB861DB103A30088E163 /* AllBaseTypePropertyObjectTest.swift in Sources */,
				ED0FDB7E1DB102660088E163 /* NestObjectTest.swift in Sources */,
				ED0DCEA81DB09270007402E1 /* BaseTestCase.swift in Sources */,
				ED1340D71DF2E2F90036677C /* ResponseSerializationTests.swift in Sources */,
				ED7D1E0F1DB7724E007A72C0 /* FileManagerExtensions.swift in Sources */,
				ED0FDB881DB103E10088E163 /* serializeToJSONTests.swift in Sources */,
				ED0FDB821DB103360088E163 /* ObjectiveCObjectTest.swift in Sources */,
				EDE2E96D1DBDBB0700419613 /* ParameterEncodingTests.swift in Sources */,
				ED0FDB7C1DB102120088E163 /* ClassObjectTest.swift in Sources */,
				ED0FDB841DB103660088E163 /* MemoryLayoutValidationTest.swift in Sources */,
				ED0DCEB81DB0C26E007402E1 /* StructObjectTest.swift in Sources */,
				EDE2E96B1DBDB7DB00419613 /* AuthenticationTests.swift in Sources */,
				ED0FDB801DB102E20088E163 /* CustomMappingTest.swift in Sources */,
			);
			runOnlyForDeploymentPostprocessing = 0;
		};
/* End PBXSourcesBuildPhase section */

/* Begin PBXTargetDependency section */
		ED0DCE981DB09088007402E1 /* PBXTargetDependency */ = {
			isa = PBXTargetDependency;
			target = ED0DCE8B1DB09088007402E1 /* TMCommon */;
			targetProxy = ED0DCE971DB09088007402E1 /* PBXContainerItemProxy */;
		};
/* End PBXTargetDependency section */

/* Begin XCBuildConfiguration section */
		ED0DCE9E1DB09089007402E1 /* Debug */ = {
			isa = XCBuildConfiguration;
			buildSettings = {
				ALWAYS_SEARCH_USER_PATHS = NO;
				CLANG_ANALYZER_NONNULL = YES;
				CLANG_CXX_LANGUAGE_STANDARD = "gnu++0x";
				CLANG_CXX_LIBRARY = "libc++";
				CLANG_ENABLE_MODULES = YES;
				CLANG_ENABLE_OBJC_ARC = YES;
				CLANG_WARN_BOOL_CONVERSION = YES;
				CLANG_WARN_CONSTANT_CONVERSION = YES;
				CLANG_WARN_DIRECT_OBJC_ISA_USAGE = YES_ERROR;
				CLANG_WARN_DOCUMENTATION_COMMENTS = YES;
				CLANG_WARN_EMPTY_BODY = YES;
				CLANG_WARN_ENUM_CONVERSION = YES;
				CLANG_WARN_INFINITE_RECURSION = YES;
				CLANG_WARN_INT_CONVERSION = YES;
				CLANG_WARN_OBJC_ROOT_CLASS = YES_ERROR;
				CLANG_WARN_SUSPICIOUS_MOVES = YES;
				CLANG_WARN_UNREACHABLE_CODE = YES;
				CLANG_WARN__DUPLICATE_METHOD_MATCH = YES;
				"CODE_SIGN_IDENTITY[sdk=iphoneos*]" = "iPhone Developer";
				COPY_PHASE_STRIP = NO;
				CURRENT_PROJECT_VERSION = 1;
				DEBUG_INFORMATION_FORMAT = dwarf;
				ENABLE_STRICT_OBJC_MSGSEND = YES;
				ENABLE_TESTABILITY = YES;
				GCC_C_LANGUAGE_STANDARD = gnu99;
				GCC_DYNAMIC_NO_PIC = NO;
				GCC_NO_COMMON_BLOCKS = YES;
				GCC_OPTIMIZATION_LEVEL = 0;
				GCC_PREPROCESSOR_DEFINITIONS = (
					"DEBUG=1",
					"$(inherited)",
				);
				GCC_WARN_64_TO_32_BIT_CONVERSION = YES;
				GCC_WARN_ABOUT_RETURN_TYPE = YES_ERROR;
				GCC_WARN_UNDECLARED_SELECTOR = YES;
				GCC_WARN_UNINITIALIZED_AUTOS = YES_AGGRESSIVE;
				GCC_WARN_UNUSED_FUNCTION = YES;
				GCC_WARN_UNUSED_VARIABLE = YES;
				IPHONEOS_DEPLOYMENT_TARGET = 10.0;
				MTL_ENABLE_DEBUG_INFO = YES;
				ONLY_ACTIVE_ARCH = YES;
				SDKROOT = iphoneos;
				SWIFT_ACTIVE_COMPILATION_CONDITIONS = DEBUG;
				SWIFT_OPTIMIZATION_LEVEL = "-Onone";
				TARGETED_DEVICE_FAMILY = "1,2";
				VERSIONING_SYSTEM = "apple-generic";
				VERSION_INFO_PREFIX = "";
			};
			name = Debug;
		};
		ED0DCE9F1DB09089007402E1 /* Release */ = {
			isa = XCBuildConfiguration;
			buildSettings = {
				ALWAYS_SEARCH_USER_PATHS = NO;
				CLANG_ANALYZER_NONNULL = YES;
				CLANG_CXX_LANGUAGE_STANDARD = "gnu++0x";
				CLANG_CXX_LIBRARY = "libc++";
				CLANG_ENABLE_MODULES = YES;
				CLANG_ENABLE_OBJC_ARC = YES;
				CLANG_WARN_BOOL_CONVERSION = YES;
				CLANG_WARN_CONSTANT_CONVERSION = YES;
				CLANG_WARN_DIRECT_OBJC_ISA_USAGE = YES_ERROR;
				CLANG_WARN_DOCUMENTATION_COMMENTS = YES;
				CLANG_WARN_EMPTY_BODY = YES;
				CLANG_WARN_ENUM_CONVERSION = YES;
				CLANG_WARN_INFINITE_RECURSION = YES;
				CLANG_WARN_INT_CONVERSION = YES;
				CLANG_WARN_OBJC_ROOT_CLASS = YES_ERROR;
				CLANG_WARN_SUSPICIOUS_MOVES = YES;
				CLANG_WARN_UNREACHABLE_CODE = YES;
				CLANG_WARN__DUPLICATE_METHOD_MATCH = YES;
				"CODE_SIGN_IDENTITY[sdk=iphoneos*]" = "iPhone Developer";
				COPY_PHASE_STRIP = NO;
				CURRENT_PROJECT_VERSION = 1;
				DEBUG_INFORMATION_FORMAT = "dwarf-with-dsym";
				ENABLE_NS_ASSERTIONS = NO;
				ENABLE_STRICT_OBJC_MSGSEND = YES;
				GCC_C_LANGUAGE_STANDARD = gnu99;
				GCC_NO_COMMON_BLOCKS = YES;
				GCC_WARN_64_TO_32_BIT_CONVERSION = YES;
				GCC_WARN_ABOUT_RETURN_TYPE = YES_ERROR;
				GCC_WARN_UNDECLARED_SELECTOR = YES;
				GCC_WARN_UNINITIALIZED_AUTOS = YES_AGGRESSIVE;
				GCC_WARN_UNUSED_FUNCTION = YES;
				GCC_WARN_UNUSED_VARIABLE = YES;
				IPHONEOS_DEPLOYMENT_TARGET = 10.0;
				MTL_ENABLE_DEBUG_INFO = NO;
				SDKROOT = iphoneos;
				SWIFT_OPTIMIZATION_LEVEL = "-Owholemodule";
				TARGETED_DEVICE_FAMILY = "1,2";
				VALIDATE_PRODUCT = YES;
				VERSIONING_SYSTEM = "apple-generic";
				VERSION_INFO_PREFIX = "";
			};
			name = Release;
		};
		ED0DCEA11DB09089007402E1 /* Debug */ = {
			isa = XCBuildConfiguration;
			buildSettings = {
				CLANG_ENABLE_MODULES = YES;
				CODE_SIGN_IDENTITY = "";
				DEFINES_MODULE = YES;
				DEVELOPMENT_TEAM = FB2Y33TQXG;
				DYLIB_COMPATIBILITY_VERSION = 1;
				DYLIB_CURRENT_VERSION = 1;
				DYLIB_INSTALL_NAME_BASE = "@rpath";
				INFOPLIST_FILE = TMCommon/Info.plist;
				INSTALL_PATH = "$(LOCAL_LIBRARY_DIR)/Frameworks";
				IPHONEOS_DEPLOYMENT_TARGET = 8.0;
				LD_RUNPATH_SEARCH_PATHS = "$(inherited) @executable_path/Frameworks @loader_path/Frameworks";
				PRODUCT_BUNDLE_IDENTIFIER = cn.petsknow.TMCommon;
				PRODUCT_NAME = "$(TARGET_NAME)";
				SKIP_INSTALL = YES;
				SWIFT_OPTIMIZATION_LEVEL = "-Onone";
				SWIFT_VERSION = 3.0;
			};
			name = Debug;
		};
		ED0DCEA21DB09089007402E1 /* Release */ = {
			isa = XCBuildConfiguration;
			buildSettings = {
				CLANG_ENABLE_MODULES = YES;
				CODE_SIGN_IDENTITY = "";
				DEFINES_MODULE = YES;
				DEVELOPMENT_TEAM = FB2Y33TQXG;
				DYLIB_COMPATIBILITY_VERSION = 1;
				DYLIB_CURRENT_VERSION = 1;
				DYLIB_INSTALL_NAME_BASE = "@rpath";
				INFOPLIST_FILE = TMCommon/Info.plist;
				INSTALL_PATH = "$(LOCAL_LIBRARY_DIR)/Frameworks";
				IPHONEOS_DEPLOYMENT_TARGET = 8.0;
				LD_RUNPATH_SEARCH_PATHS = "$(inherited) @executable_path/Frameworks @loader_path/Frameworks";
				PRODUCT_BUNDLE_IDENTIFIER = cn.petsknow.TMCommon;
				PRODUCT_NAME = "$(TARGET_NAME)";
				SKIP_INSTALL = YES;
				SWIFT_VERSION = 3.0;
			};
			name = Release;
		};
		ED0DCEA41DB09089007402E1 /* Debug */ = {
			isa = XCBuildConfiguration;
			buildSettings = {
				ALWAYS_EMBED_SWIFT_STANDARD_LIBRARIES = YES;
				DEVELOPMENT_TEAM = FB2Y33TQXG;
				INFOPLIST_FILE = TMCommonTests/Info.plist;
				LD_RUNPATH_SEARCH_PATHS = "$(inherited) @executable_path/Frameworks @loader_path/Frameworks";
				PRODUCT_BUNDLE_IDENTIFIER = cn.petsknow.TMCommonTests;
				PRODUCT_NAME = "$(TARGET_NAME)";
				SWIFT_VERSION = 3.0;
			};
			name = Debug;
		};
		ED0DCEA51DB09089007402E1 /* Release */ = {
			isa = XCBuildConfiguration;
			buildSettings = {
				ALWAYS_EMBED_SWIFT_STANDARD_LIBRARIES = YES;
				DEVELOPMENT_TEAM = FB2Y33TQXG;
				INFOPLIST_FILE = TMCommonTests/Info.plist;
				LD_RUNPATH_SEARCH_PATHS = "$(inherited) @executable_path/Frameworks @loader_path/Frameworks";
				PRODUCT_BUNDLE_IDENTIFIER = cn.petsknow.TMCommonTests;
				PRODUCT_NAME = "$(TARGET_NAME)";
				SWIFT_VERSION = 3.0;
			};
			name = Release;
		};
/* End XCBuildConfiguration section */

/* Begin XCConfigurationList section */
		ED0DCE861DB09088007402E1 /* Build configuration list for PBXProject "TMCommon" */ = {
			isa = XCConfigurationList;
			buildConfigurations = (
				ED0DCE9E1DB09089007402E1 /* Debug */,
				ED0DCE9F1DB09089007402E1 /* Release */,
			);
			defaultConfigurationIsVisible = 0;
			defaultConfigurationName = Release;
		};
		ED0DCEA01DB09089007402E1 /* Build configuration list for PBXNativeTarget "TMCommon" */ = {
			isa = XCConfigurationList;
			buildConfigurations = (
				ED0DCEA11DB09089007402E1 /* Debug */,
				ED0DCEA21DB09089007402E1 /* Release */,
			);
			defaultConfigurationIsVisible = 0;
			defaultConfigurationName = Release;
		};
		ED0DCEA31DB09089007402E1 /* Build configuration list for PBXNativeTarget "TMCommonTests" */ = {
			isa = XCConfigurationList;
			buildConfigurations = (
				ED0DCEA41DB09089007402E1 /* Debug */,
				ED0DCEA51DB09089007402E1 /* Release */,
			);
			defaultConfigurationIsVisible = 0;
			defaultConfigurationName = Release;
		};
/* End XCConfigurationList section */
	};
	rootObject = ED0DCE831DB09088007402E1 /* Project object */;
}
